
Microsoft Visual Studio Solution File, Format Version 12.00
# Visual Studio Version 18
VisualStudioVersion = 18.0.11205.157
MinimumVisualStudioVersion = 10.0.40219.1
Project("{FAE04EC0-301F-11D3-BF4B-00C04F79EFBC}") = "Investissement_WebClient.Application", "Investissement_WebClient.Application\Investissement_WebClient.Application.csproj", "{B84BF50B-C0C9-4837-AC7F-751292438DCF}"
EndProject
Project("{FAE04EC0-301F-11D3-BF4B-00C04F79EFBC}") = "Investissement_WebClient.Domain", "Investissement_WebClient.Domain\Investissement_WebClient.Domain.csproj", "{ABD89B39-D514-8BB1-CC43-06EA5272D699}"
EndProject
Project("{FAE04EC0-301F-11D3-BF4B-00C04F79EFBC}") = "Investissement_WebClient.Infrastructure", "Investissement_WebClient.Infrastructure\Investissement_WebClient.Infrastructure.csproj", "{DEF6F0B0-7B92-6B2E-EA37-FDBC69D42A9C}"
EndProject
Project("{FAE04EC0-301F-11D3-BF4B-00C04F79EFBC}") = "Investissement_WebClient.Web", "Investissement_WebClient.Web\Investissement_WebClient.Web.csproj", "{C043CA66-E09B-0D4C-1B1E-7D0214E5C6BF}"
EndProject
Global
	GlobalSection(SolutionConfigurationPlatforms) = preSolution
		Debug|Any CPU = Debug|Any CPU
		Release|Any CPU = Release|Any CPU
	EndGlobalSection
	GlobalSection(ProjectConfigurationPlatforms) = postSolution
		{B84BF50B-C0C9-4837-AC7F-751292438DCF}.Debug|Any CPU.ActiveCfg = Debug|Any CPU
		{B84BF50B-C0C9-4837-AC7F-751292438DCF}.Debug|Any CPU.Build.0 = Debug|Any CPU
		{B84BF50B-C0C9-4837-AC7F-751292438DCF}.Release|Any CPU.ActiveCfg = Release|Any CPU
		{B84BF50B-C0C9-4837-AC7F-751292438DCF}.Release|Any CPU.Build.0 = Release|Any CPU
		{ABD89B39-D514-8BB1-CC43-06EA5272D699}.Debug|Any CPU.ActiveCfg = Debug|Any CPU
		{ABD89B39-D514-8BB1-CC43-06EA5272D699}.Debug|Any CPU.Build.0 = Debug|Any CPU
		{ABD89B39-D514-8BB1-CC43-06EA5272D699}.Release|Any CPU.ActiveCfg = Release|Any CPU
		{ABD89B39-D514-8BB1-CC43-06EA5272D699}.Release|Any CPU.Build.0 = Release|Any CPU
		{DEF6F0B0-7B92-6B2E-EA37-FDBC69D42A9C}.Debug|Any CPU.ActiveCfg = Debug|Any CPU
		{DEF6F0B0-7B92-6B2E-EA37-FDBC69D42A9C}.Debug|Any CPU.Build.0 = Debug|Any CPU
		{DEF6F0B0-7B92-6B2E-EA37-FDBC69D42A9C}.Release|Any CPU.ActiveCfg = Release|Any CPU
		{DEF6F0B0-7B92-6B2E-EA37-FDBC69D42A9C}.Release|Any CPU.Build.0 = Release|Any CPU
		{C043CA66-E09B-0D4C-1B1E-7D0214E5C6BF}.Debug|Any CPU.ActiveCfg = Debug|Any CPU
		{C043CA66-E09B-0D4C-1B1E-7D0214E5C6BF}.Debug|Any CPU.Build.0 = Debug|Any CPU
		{C043CA66-E09B-0D4C-1B1E-7D0214E5C6BF}.Release|Any CPU.ActiveCfg = Release|Any CPU
		{C043CA66-E09B-0D4C-1B1E-7D0214E5C6BF}.Release|Any CPU.Build.0 = Release|Any CPU
	EndGlobalSection
	GlobalSection(SolutionProperties) = preSolution
		HideSolutionNode = FALSE
	EndGlobalSection
	GlobalSection(ExtensibilityGlobals) = postSolution
		SolutionGuid = {DBD8F946-3BFF-4810-8747-ED115755D383}
	EndGlobalSection
EndGlobal
